// !$*UTF8*$!
{
	archiveVersion = 1;
	classes = {
	};
	objectVersion = 55;
	objects = {

/* Begin PBXBuildFile section */
		4D018A3E7936819A6C892B3D /* Pods_MoyaApiPractice_MoyaApiPracticeUITests.framework in Frameworks */ = {isa = PBXBuildFile; fileRef = 898300F3D6D0BDDC9BDCF474 /* Pods_MoyaApiPractice_MoyaApiPracticeUITests.framework */; };
		97CBC68A54D926AC2A89DEE2 /* Pods_MoyaApiPracticeTests.framework in Frameworks */ = {isa = PBXBuildFile; fileRef = 15EF59BBDC50B2BE8DCCA440 /* Pods_MoyaApiPracticeTests.framework */; };
		F051A83027FA99D400D4B02E /* Reminder.swift in Sources */ = {isa = PBXBuildFile; fileRef = F051A82F27FA99D400D4B02E /* Reminder.swift */; };
		F051A83227FD6B3700D4B02E /* ReminderListData.swift in Sources */ = {isa = PBXBuildFile; fileRef = F051A83127FD6B3700D4B02E /* ReminderListData.swift */; };
		F05BBBE7273D1CDB0069D7AD /* WeatherLabel.swift in Sources */ = {isa = PBXBuildFile; fileRef = F05BBBE6273D1CDB0069D7AD /* WeatherLabel.swift */; };
		F05BBBE9273E22D30069D7AD /* ExtensionView.swift in Sources */ = {isa = PBXBuildFile; fileRef = F05BBBE8273E22D30069D7AD /* ExtensionView.swift */; };
		F07D514027321E850064247B /* AppDelegate.swift in Sources */ = {isa = PBXBuildFile; fileRef = F07D513F27321E850064247B /* AppDelegate.swift */; };
		F07D514227321E850064247B /* SceneDelegate.swift in Sources */ = {isa = PBXBuildFile; fileRef = F07D514127321E850064247B /* SceneDelegate.swift */; };
		F07D514427321E850064247B /* MainViewController.swift in Sources */ = {isa = PBXBuildFile; fileRef = F07D514327321E850064247B /* MainViewController.swift */; };
		F07D514927321E860064247B /* Assets.xcassets in Resources */ = {isa = PBXBuildFile; fileRef = F07D514827321E860064247B /* Assets.xcassets */; };
		F07D514C27321E860064247B /* LaunchScreen.storyboard in Resources */ = {isa = PBXBuildFile; fileRef = F07D514A27321E860064247B /* LaunchScreen.storyboard */; };
		F07D515727321E860064247B /* MoyaApiPracticeTests.swift in Sources */ = {isa = PBXBuildFile; fileRef = F07D515627321E860064247B /* MoyaApiPracticeTests.swift */; };
		F07D516127321E860064247B /* MoyaApiPracticeUITests.swift in Sources */ = {isa = PBXBuildFile; fileRef = F07D516027321E860064247B /* MoyaApiPracticeUITests.swift */; };
		F07D516327321E860064247B /* MoyaApiPracticeUITestsLaunchTests.swift in Sources */ = {isa = PBXBuildFile; fileRef = F07D516227321E860064247B /* MoyaApiPracticeUITestsLaunchTests.swift */; };
		F07D517127321F920064247B /* API.swift in Sources */ = {isa = PBXBuildFile; fileRef = F07D517027321F920064247B /* API.swift */; };
		F07D517427321FC70064247B /* CurrentWeatherModel.swift in Sources */ = {isa = PBXBuildFile; fileRef = F07D517327321FC70064247B /* CurrentWeatherModel.swift */; };
		F07D517827326ABF0064247B /* TabBarViewController.swift in Sources */ = {isa = PBXBuildFile; fileRef = F07D517727326ABF0064247B /* TabBarViewController.swift */; };
		F07D517A27326B1F0064247B /* ForecastViewController.swift in Sources */ = {isa = PBXBuildFile; fileRef = F07D517927326B1F0064247B /* ForecastViewController.swift */; };
		F07D517C273272370064247B /* ForecastModel.swift in Sources */ = {isa = PBXBuildFile; fileRef = F07D517B273272370064247B /* ForecastModel.swift */; };
		F07D517E2733874E0064247B /* ForecastTableViewCell.swift in Sources */ = {isa = PBXBuildFile; fileRef = F07D517D2733874E0064247B /* ForecastTableViewCell.swift */; };
		F09E5D9427D331D30039D8B4 /* Remider.swift in Sources */ = {isa = PBXBuildFile; fileRef = F09E5D9327D331D30039D8B4 /* Remider.swift */; };
		F09E5D9627D332790039D8B4 /* ReminderListViewController.swift in Sources */ = {isa = PBXBuildFile; fileRef = F09E5D9527D332790039D8B4 /* ReminderListViewController.swift */; };
		F4D89A610CD4C9D4EB08DCBB /* Pods_MoyaApiPractice.framework in Frameworks */ = {isa = PBXBuildFile; fileRef = 746445BF5C69DDA21B3ED3D0 /* Pods_MoyaApiPractice.framework */; };
/* End PBXBuildFile section */

/* Begin PBXContainerItemProxy section */
		F07D515327321E860064247B /* PBXContainerItemProxy */ = {
			isa = PBXContainerItemProxy;
			containerPortal = F07D513427321E850064247B /* Project object */;
			proxyType = 1;
			remoteGlobalIDString = F07D513B27321E850064247B;
			remoteInfo = MoyaApiPractice;
		};
		F07D515D27321E860064247B /* PBXContainerItemProxy */ = {
			isa = PBXContainerItemProxy;
			containerPortal = F07D513427321E850064247B /* Project object */;
			proxyType = 1;
			remoteGlobalIDString = F07D513B27321E850064247B;
			remoteInfo = MoyaApiPractice;
		};
/* End PBXContainerItemProxy section */

/* Begin PBXFileReference section */
		15EF59BBDC50B2BE8DCCA440 /* Pods_MoyaApiPracticeTests.framework */ = {isa = PBXFileReference; explicitFileType = wrapper.framework; includeInIndex = 0; path = Pods_MoyaApiPracticeTests.framework; sourceTree = BUILT_PRODUCTS_DIR; };
		3763E769D77698192085B153 /* Pods-MoyaApiPractice.debug.xcconfig */ = {isa = PBXFileReference; includeInIndex = 1; lastKnownFileType = text.xcconfig; name = "Pods-MoyaApiPractice.debug.xcconfig"; path = "Target Support Files/Pods-MoyaApiPractice/Pods-MoyaApiPractice.debug.xcconfig"; sourceTree = "<group>"; };
		746445BF5C69DDA21B3ED3D0 /* Pods_MoyaApiPractice.framework */ = {isa = PBXFileReference; explicitFileType = wrapper.framework; includeInIndex = 0; path = Pods_MoyaApiPractice.framework; sourceTree = BUILT_PRODUCTS_DIR; };
		7D53DBB1D86E34A72DDDA379 /* Pods-MoyaApiPracticeTests.debug.xcconfig */ = {isa = PBXFileReference; includeInIndex = 1; lastKnownFileType = text.xcconfig; name = "Pods-MoyaApiPracticeTests.debug.xcconfig"; path = "Target Support Files/Pods-MoyaApiPracticeTests/Pods-MoyaApiPracticeTests.debug.xcconfig"; sourceTree = "<group>"; };
		898300F3D6D0BDDC9BDCF474 /* Pods_MoyaApiPractice_MoyaApiPracticeUITests.framework */ = {isa = PBXFileReference; explicitFileType = wrapper.framework; includeInIndex = 0; path = Pods_MoyaApiPractice_MoyaApiPracticeUITests.framework; sourceTree = BUILT_PRODUCTS_DIR; };
		C705382EE9DFE334F142E349 /* Pods-MoyaApiPracticeTests.release.xcconfig */ = {isa = PBXFileReference; includeInIndex = 1; lastKnownFileType = text.xcconfig; name = "Pods-MoyaApiPracticeTests.release.xcconfig"; path = "Target Support Files/Pods-MoyaApiPracticeTests/Pods-MoyaApiPracticeTests.release.xcconfig"; sourceTree = "<group>"; };
		CC509D458AC6C17DD121441B /* Pods-MoyaApiPractice.release.xcconfig */ = {isa = PBXFileReference; includeInIndex = 1; lastKnownFileType = text.xcconfig; name = "Pods-MoyaApiPractice.release.xcconfig"; path = "Target Support Files/Pods-MoyaApiPractice/Pods-MoyaApiPractice.release.xcconfig"; sourceTree = "<group>"; };
		D672A9BFFC46E293DE50CD8F /* Pods-MoyaApiPractice-MoyaApiPracticeUITests.debug.xcconfig */ = {isa = PBXFileReference; includeInIndex = 1; lastKnownFileType = text.xcconfig; name = "Pods-MoyaApiPractice-MoyaApiPracticeUITests.debug.xcconfig"; path = "Target Support Files/Pods-MoyaApiPractice-MoyaApiPracticeUITests/Pods-MoyaApiPractice-MoyaApiPracticeUITests.debug.xcconfig"; sourceTree = "<group>"; };
		F051A82F27FA99D400D4B02E /* Reminder.swift */ = {isa = PBXFileReference; lastKnownFileType = sourcecode.swift; path = Reminder.swift; sourceTree = "<group>"; };
		F051A83127FD6B3700D4B02E /* ReminderListData.swift */ = {isa = PBXFileReference; lastKnownFileType = sourcecode.swift; path = ReminderListData.swift; sourceTree = "<group>"; };
		F05BBBE6273D1CDB0069D7AD /* WeatherLabel.swift */ = {isa = PBXFileReference; lastKnownFileType = sourcecode.swift; path = WeatherLabel.swift; sourceTree = "<group>"; };
		F05BBBE8273E22D30069D7AD /* ExtensionView.swift */ = {isa = PBXFileReference; lastKnownFileType = sourcecode.swift; path = ExtensionView.swift; sourceTree = "<group>"; };
		F07D513C27321E850064247B /* MoyaApiPractice.app */ = {isa = PBXFileReference; explicitFileType = wrapper.application; includeInIndex = 0; path = MoyaApiPractice.app; sourceTree = BUILT_PRODUCTS_DIR; };
		F07D513F27321E850064247B /* AppDelegate.swift */ = {isa = PBXFileReference; lastKnownFileType = sourcecode.swift; path = AppDelegate.swift; sourceTree = "<group>"; };
		F07D514127321E850064247B /* SceneDelegate.swift */ = {isa = PBXFileReference; lastKnownFileType = sourcecode.swift; path = SceneDelegate.swift; sourceTree = "<group>"; };
		F07D514327321E850064247B /* MainViewController.swift */ = {isa = PBXFileReference; lastKnownFileType = sourcecode.swift; path = MainViewController.swift; sourceTree = "<group>"; };
		F07D514827321E860064247B /* Assets.xcassets */ = {isa = PBXFileReference; lastKnownFileType = folder.assetcatalog; path = Assets.xcassets; sourceTree = "<group>"; };
		F07D514B27321E860064247B /* Base */ = {isa = PBXFileReference; lastKnownFileType = file.storyboard; name = Base; path = Base.lproj/LaunchScreen.storyboard; sourceTree = "<group>"; };
		F07D514D27321E860064247B /* Info.plist */ = {isa = PBXFileReference; lastKnownFileType = text.plist.xml; path = Info.plist; sourceTree = "<group>"; };
		F07D515227321E860064247B /* MoyaApiPracticeTests.xctest */ = {isa = PBXFileReference; explicitFileType = wrapper.cfbundle; includeInIndex = 0; path = MoyaApiPracticeTests.xctest; sourceTree = BUILT_PRODUCTS_DIR; };
		F07D515627321E860064247B /* MoyaApiPracticeTests.swift */ = {isa = PBXFileReference; lastKnownFileType = sourcecode.swift; path = MoyaApiPracticeTests.swift; sourceTree = "<group>"; };
		F07D515C27321E860064247B /* MoyaApiPracticeUITests.xctest */ = {isa = PBXFileReference; explicitFileType = wrapper.cfbundle; includeInIndex = 0; path = MoyaApiPracticeUITests.xctest; sourceTree = BUILT_PRODUCTS_DIR; };
		F07D516027321E860064247B /* MoyaApiPracticeUITests.swift */ = {isa = PBXFileReference; lastKnownFileType = sourcecode.swift; path = MoyaApiPracticeUITests.swift; sourceTree = "<group>"; };
		F07D516227321E860064247B /* MoyaApiPracticeUITestsLaunchTests.swift */ = {isa = PBXFileReference; lastKnownFileType = sourcecode.swift; path = MoyaApiPracticeUITestsLaunchTests.swift; sourceTree = "<group>"; };
		F07D517027321F920064247B /* API.swift */ = {isa = PBXFileReference; lastKnownFileType = sourcecode.swift; path = API.swift; sourceTree = "<group>"; };
		F07D517327321FC70064247B /* CurrentWeatherModel.swift */ = {isa = PBXFileReference; lastKnownFileType = sourcecode.swift; path = CurrentWeatherModel.swift; sourceTree = "<group>"; };
		F07D517727326ABF0064247B /* TabBarViewController.swift */ = {isa = PBXFileReference; lastKnownFileType = sourcecode.swift; path = TabBarViewController.swift; sourceTree = "<group>"; };
		F07D517927326B1F0064247B /* ForecastViewController.swift */ = {isa = PBXFileReference; lastKnownFileType = sourcecode.swift; path = ForecastViewController.swift; sourceTree = "<group>"; };
		F07D517B273272370064247B /* ForecastModel.swift */ = {isa = PBXFileReference; lastKnownFileType = sourcecode.swift; path = ForecastModel.swift; sourceTree = "<group>"; };
		F07D517D2733874E0064247B /* ForecastTableViewCell.swift */ = {isa = PBXFileReference; lastKnownFileType = sourcecode.swift; path = ForecastTableViewCell.swift; sourceTree = "<group>"; };
		F09E5D9327D331D30039D8B4 /* Remider.swift */ = {isa = PBXFileReference; lastKnownFileType = sourcecode.swift; name = Remider.swift; path = MoyaApiPractice/Model/Remider.swift; sourceTree = SOURCE_ROOT; };
		F09E5D9527D332790039D8B4 /* ReminderListViewController.swift */ = {isa = PBXFileReference; lastKnownFileType = sourcecode.swift; name = ReminderListViewController.swift; path = MoyaApiPractice/ViewModel/ReminderListViewController.swift; sourceTree = SOURCE_ROOT; };
		FC9E7E2421C1597D52A5A919 /* Pods-MoyaApiPractice-MoyaApiPracticeUITests.release.xcconfig */ = {isa = PBXFileReference; includeInIndex = 1; lastKnownFileType = text.xcconfig; name = "Pods-MoyaApiPractice-MoyaApiPracticeUITests.release.xcconfig"; path = "Target Support Files/Pods-MoyaApiPractice-MoyaApiPracticeUITests/Pods-MoyaApiPractice-MoyaApiPracticeUITests.release.xcconfig"; sourceTree = "<group>"; };
/* End PBXFileReference section */

/* Begin PBXFrameworksBuildPhase section */
		F07D513927321E850064247B /* Frameworks */ = {
			isa = PBXFrameworksBuildPhase;
			buildActionMask = 2147483647;
			files = (
				F4D89A610CD4C9D4EB08DCBB /* Pods_MoyaApiPractice.framework in Frameworks */,
			);
			runOnlyForDeploymentPostprocessing = 0;
		};
		F07D514F27321E860064247B /* Frameworks */ = {
			isa = PBXFrameworksBuildPhase;
			buildActionMask = 2147483647;
			files = (
				97CBC68A54D926AC2A89DEE2 /* Pods_MoyaApiPracticeTests.framework in Frameworks */,
			);
			runOnlyForDeploymentPostprocessing = 0;
		};
		F07D515927321E860064247B /* Frameworks */ = {
			isa = PBXFrameworksBuildPhase;
			buildActionMask = 2147483647;
			files = (
				4D018A3E7936819A6C892B3D /* Pods_MoyaApiPractice_MoyaApiPracticeUITests.framework in Frameworks */,
			);
			runOnlyForDeploymentPostprocessing = 0;
		};
/* End PBXFrameworksBuildPhase section */

/* Begin PBXGroup section */
		0FBEDED30B846B7E54F6D61E /* Frameworks */ = {
			isa = PBXGroup;
			children = (
				746445BF5C69DDA21B3ED3D0 /* Pods_MoyaApiPractice.framework */,
				898300F3D6D0BDDC9BDCF474 /* Pods_MoyaApiPractice_MoyaApiPracticeUITests.framework */,
				15EF59BBDC50B2BE8DCCA440 /* Pods_MoyaApiPracticeTests.framework */,
			);
			name = Frameworks;
			sourceTree = "<group>";
		};
		CF907901BAC67D996D43B9DA /* Pods */ = {
			isa = PBXGroup;
			children = (
				3763E769D77698192085B153 /* Pods-MoyaApiPractice.debug.xcconfig */,
				CC509D458AC6C17DD121441B /* Pods-MoyaApiPractice.release.xcconfig */,
				D672A9BFFC46E293DE50CD8F /* Pods-MoyaApiPractice-MoyaApiPracticeUITests.debug.xcconfig */,
				FC9E7E2421C1597D52A5A919 /* Pods-MoyaApiPractice-MoyaApiPracticeUITests.release.xcconfig */,
				7D53DBB1D86E34A72DDDA379 /* Pods-MoyaApiPracticeTests.debug.xcconfig */,
				C705382EE9DFE334F142E349 /* Pods-MoyaApiPracticeTests.release.xcconfig */,
			);
			path = Pods;
			sourceTree = "<group>";
		};
		F07D513327321E850064247B = {
			isa = PBXGroup;
			children = (
				F07D513E27321E850064247B /* MoyaApiPractice */,
				F07D515527321E860064247B /* MoyaApiPracticeTests */,
				F07D515F27321E860064247B /* MoyaApiPracticeUITests */,
				F07D513D27321E850064247B /* Products */,
				CF907901BAC67D996D43B9DA /* Pods */,
				0FBEDED30B846B7E54F6D61E /* Frameworks */,
			);
			sourceTree = "<group>";
		};
		F07D513D27321E850064247B /* Products */ = {
			isa = PBXGroup;
			children = (
				F07D513C27321E850064247B /* MoyaApiPractice.app */,
				F07D515227321E860064247B /* MoyaApiPracticeTests.xctest */,
				F07D515C27321E860064247B /* MoyaApiPracticeUITests.xctest */,
			);
			name = Products;
			sourceTree = "<group>";
		};
		F07D513E27321E850064247B /* MoyaApiPractice */ = {
			isa = PBXGroup;
			children = (
				F07D517727326ABF0064247B /* TabBarViewController.swift */,
				F05BBBE8273E22D30069D7AD /* ExtensionView.swift */,
				F07D51762732676E0064247B /* ViewModel */,
				F07D5175273267600064247B /* View */,
				F07D517227321FA30064247B /* Model */,
				F07D516F27321EB80064247B /* Moya */,
				F07D513F27321E850064247B /* AppDelegate.swift */,
				F07D514127321E850064247B /* SceneDelegate.swift */,
				F07D514827321E860064247B /* Assets.xcassets */,
				F07D514A27321E860064247B /* LaunchScreen.storyboard */,
				F07D514D27321E860064247B /* Info.plist */,
			);
			path = MoyaApiPractice;
			sourceTree = "<group>";
		};
		F07D515527321E860064247B /* MoyaApiPracticeTests */ = {
			isa = PBXGroup;
			children = (
				F07D515627321E860064247B /* MoyaApiPracticeTests.swift */,
			);
			path = MoyaApiPracticeTests;
			sourceTree = "<group>";
		};
		F07D515F27321E860064247B /* MoyaApiPracticeUITests */ = {
			isa = PBXGroup;
			children = (
				F07D516027321E860064247B /* MoyaApiPracticeUITests.swift */,
				F07D516227321E860064247B /* MoyaApiPracticeUITestsLaunchTests.swift */,
			);
			path = MoyaApiPracticeUITests;
			sourceTree = "<group>";
		};
		F07D516F27321EB80064247B /* Moya */ = {
			isa = PBXGroup;
			children = (
				F07D517027321F920064247B /* API.swift */,
			);
			path = Moya;
			sourceTree = "<group>";
		};
		F07D517227321FA30064247B /* Model */ = {
			isa = PBXGroup;
			children = (
				F09E5D9327D331D30039D8B4 /* Remider.swift */,
				F051A82F27FA99D400D4B02E /* Reminder.swift */,
				F07D517327321FC70064247B /* CurrentWeatherModel.swift */,
				F07D517B273272370064247B /* ForecastModel.swift */,
				F051A83127FD6B3700D4B02E /* ReminderListData.swift */,
			);
			path = Model;
			sourceTree = "<group>";
		};
		F07D5175273267600064247B /* View */ = {
			isa = PBXGroup;
			children = (
				F07D517D2733874E0064247B /* ForecastTableViewCell.swift */,
				F05BBBE6273D1CDB0069D7AD /* WeatherLabel.swift */,
			);
			path = View;
			sourceTree = "<group>";
		};
		F07D51762732676E0064247B /* ViewModel */ = {
			isa = PBXGroup;
			children = (
				F07D514327321E850064247B /* MainViewController.swift */,
				F07D517927326B1F0064247B /* ForecastViewController.swift */,
				F09E5D9527D332790039D8B4 /* ReminderListViewController.swift */,
			);
			path = ViewModel;
			sourceTree = "<group>";
		};
/* End PBXGroup section */

/* Begin PBXNativeTarget section */
		F07D513B27321E850064247B /* MoyaApiPractice */ = {
			isa = PBXNativeTarget;
			buildConfigurationList = F07D516627321E860064247B /* Build configuration list for PBXNativeTarget "MoyaApiPractice" */;
			buildPhases = (
				49B05F6B3E1B3DD96C6896F1 /* [CP] Check Pods Manifest.lock */,
				F07D513827321E850064247B /* Sources */,
				F07D513927321E850064247B /* Frameworks */,
				F07D513A27321E850064247B /* Resources */,
				8A4C5900DF817E15B45BECEC /* [CP] Embed Pods Frameworks */,
			);
			buildRules = (
			);
			dependencies = (
			);
			name = MoyaApiPractice;
			productName = MoyaApiPractice;
			productReference = F07D513C27321E850064247B /* MoyaApiPractice.app */;
			productType = "com.apple.product-type.application";
		};
		F07D515127321E860064247B /* MoyaApiPracticeTests */ = {
			isa = PBXNativeTarget;
			buildConfigurationList = F07D516927321E860064247B /* Build configuration list for PBXNativeTarget "MoyaApiPracticeTests" */;
			buildPhases = (
				8401FC9DCCA05793ADE51B3A /* [CP] Check Pods Manifest.lock */,
				F07D514E27321E860064247B /* Sources */,
				F07D514F27321E860064247B /* Frameworks */,
				F07D515027321E860064247B /* Resources */,
			);
			buildRules = (
			);
			dependencies = (
				F07D515427321E860064247B /* PBXTargetDependency */,
			);
			name = MoyaApiPracticeTests;
			productName = MoyaApiPracticeTests;
			productReference = F07D515227321E860064247B /* MoyaApiPracticeTests.xctest */;
			productType = "com.apple.product-type.bundle.unit-test";
		};
		F07D515B27321E860064247B /* MoyaApiPracticeUITests */ = {
			isa = PBXNativeTarget;
			buildConfigurationList = F07D516C27321E860064247B /* Build configuration list for PBXNativeTarget "MoyaApiPracticeUITests" */;
			buildPhases = (
				1E98246153E104AF2C73F298 /* [CP] Check Pods Manifest.lock */,
				F07D515827321E860064247B /* Sources */,
				F07D515927321E860064247B /* Frameworks */,
				F07D515A27321E860064247B /* Resources */,
				6282740687AC16D48EC72F4E /* [CP] Embed Pods Frameworks */,
			);
			buildRules = (
			);
			dependencies = (
				F07D515E27321E860064247B /* PBXTargetDependency */,
			);
			name = MoyaApiPracticeUITests;
			productName = MoyaApiPracticeUITests;
			productReference = F07D515C27321E860064247B /* MoyaApiPracticeUITests.xctest */;
			productType = "com.apple.product-type.bundle.ui-testing";
		};
/* End PBXNativeTarget section */

/* Begin PBXProject section */
		F07D513427321E850064247B /* Project object */ = {
			isa = PBXProject;
			attributes = {
				BuildIndependentTargetsInParallel = 1;
				LastSwiftUpdateCheck = 1310;
				LastUpgradeCheck = 1310;
				TargetAttributes = {
					F07D513B27321E850064247B = {
						CreatedOnToolsVersion = 13.1;
					};
					F07D515127321E860064247B = {
						CreatedOnToolsVersion = 13.1;
						TestTargetID = F07D513B27321E850064247B;
					};
					F07D515B27321E860064247B = {
						CreatedOnToolsVersion = 13.1;
						TestTargetID = F07D513B27321E850064247B;
					};
				};
			};
			buildConfigurationList = F07D513727321E850064247B /* Build configuration list for PBXProject "MoyaApiPractice" */;
			compatibilityVersion = "Xcode 13.0";
			developmentRegion = en;
			hasScannedForEncodings = 0;
			knownRegions = (
				en,
				Base,
			);
			mainGroup = F07D513327321E850064247B;
			productRefGroup = F07D513D27321E850064247B /* Products */;
			projectDirPath = "";
			projectRoot = "";
			targets = (
				F07D513B27321E850064247B /* MoyaApiPractice */,
				F07D515127321E860064247B /* MoyaApiPracticeTests */,
				F07D515B27321E860064247B /* MoyaApiPracticeUITests */,
			);
		};
/* End PBXProject section */

/* Begin PBXResourcesBuildPhase section */
		F07D513A27321E850064247B /* Resources */ = {
			isa = PBXResourcesBuildPhase;
			buildActionMask = 2147483647;
			files = (
				F07D514C27321E860064247B /* LaunchScreen.storyboard in Resources */,
				F07D514927321E860064247B /* Assets.xcassets in Resources */,
			);
			runOnlyForDeploymentPostprocessing = 0;
		};
		F07D515027321E860064247B /* Resources */ = {
			isa = PBXResourcesBuildPhase;
			buildActionMask = 2147483647;
			files = (
			);
			runOnlyForDeploymentPostprocessing = 0;
		};
		F07D515A27321E860064247B /* Resources */ = {
			isa = PBXResourcesBuildPhase;
			buildActionMask = 2147483647;
			files = (
			);
			runOnlyForDeploymentPostprocessing = 0;
		};
/* End PBXResourcesBuildPhase section */

/* Begin PBXShellScriptBuildPhase section */
		1E98246153E104AF2C73F298 /* [CP] Check Pods Manifest.lock */ = {
			isa = PBXShellScriptBuildPhase;
			buildActionMask = 2147483647;
			files = (
			);
			inputFileListPaths = (
			);
			inputPaths = (
				"${PODS_PODFILE_DIR_PATH}/Podfile.lock",
				"${PODS_ROOT}/Manifest.lock",
			);
			name = "[CP] Check Pods Manifest.lock";
			outputFileListPaths = (
			);
			outputPaths = (
				"$(DERIVED_FILE_DIR)/Pods-MoyaApiPractice-MoyaApiPracticeUITests-checkManifestLockResult.txt",
			);
			runOnlyForDeploymentPostprocessing = 0;
			shellPath = /bin/sh;
			shellScript = "diff \"${PODS_PODFILE_DIR_PATH}/Podfile.lock\" \"${PODS_ROOT}/Manifest.lock\" > /dev/null\nif [ $? != 0 ] ; then\n    # print error to STDERR\n    echo \"error: The sandbox is not in sync with the Podfile.lock. Run 'pod install' or update your CocoaPods installation.\" >&2\n    exit 1\nfi\n# This output is used by Xcode 'outputs' to avoid re-running this script phase.\necho \"SUCCESS\" > \"${SCRIPT_OUTPUT_FILE_0}\"\n";
			showEnvVarsInLog = 0;
		};
		49B05F6B3E1B3DD96C6896F1 /* [CP] Check Pods Manifest.lock */ = {
			isa = PBXShellScriptBuildPhase;
			buildActionMask = 2147483647;
			files = (
			);
			inputFileListPaths = (
			);
			inputPaths = (
				"${PODS_PODFILE_DIR_PATH}/Podfile.lock",
				"${PODS_ROOT}/Manifest.lock",
			);
			name = "[CP] Check Pods Manifest.lock";
			outputFileListPaths = (
			);
			outputPaths = (
				"$(DERIVED_FILE_DIR)/Pods-MoyaApiPractice-checkManifestLockResult.txt",
			);
			runOnlyForDeploymentPostprocessing = 0;
			shellPath = /bin/sh;
			shellScript = "diff \"${PODS_PODFILE_DIR_PATH}/Podfile.lock\" \"${PODS_ROOT}/Manifest.lock\" > /dev/null\nif [ $? != 0 ] ; then\n    # print error to STDERR\n    echo \"error: The sandbox is not in sync with the Podfile.lock. Run 'pod install' or update your CocoaPods installation.\" >&2\n    exit 1\nfi\n# This output is used by Xcode 'outputs' to avoid re-running this script phase.\necho \"SUCCESS\" > \"${SCRIPT_OUTPUT_FILE_0}\"\n";
			showEnvVarsInLog = 0;
		};
		6282740687AC16D48EC72F4E /* [CP] Embed Pods Frameworks */ = {
			isa = PBXShellScriptBuildPhase;
			buildActionMask = 2147483647;
			files = (
			);
			inputFileListPaths = (
				"${PODS_ROOT}/Target Support Files/Pods-MoyaApiPractice-MoyaApiPracticeUITests/Pods-MoyaApiPractice-MoyaApiPracticeUITests-frameworks-${CONFIGURATION}-input-files.xcfilelist",
			);
			name = "[CP] Embed Pods Frameworks";
			outputFileListPaths = (
				"${PODS_ROOT}/Target Support Files/Pods-MoyaApiPractice-MoyaApiPracticeUITests/Pods-MoyaApiPractice-MoyaApiPracticeUITests-frameworks-${CONFIGURATION}-output-files.xcfilelist",
			);
			runOnlyForDeploymentPostprocessing = 0;
			shellPath = /bin/sh;
			shellScript = "\"${PODS_ROOT}/Target Support Files/Pods-MoyaApiPractice-MoyaApiPracticeUITests/Pods-MoyaApiPractice-MoyaApiPracticeUITests-frameworks.sh\"\n";
			showEnvVarsInLog = 0;
		};
		8401FC9DCCA05793ADE51B3A /* [CP] Check Pods Manifest.lock */ = {
			isa = PBXShellScriptBuildPhase;
			buildActionMask = 2147483647;
			files = (
			);
			inputFileListPaths = (
			);
			inputPaths = (
				"${PODS_PODFILE_DIR_PATH}/Podfile.lock",
				"${PODS_ROOT}/Manifest.lock",
			);
			name = "[CP] Check Pods Manifest.lock";
			outputFileListPaths = (
			);
			outputPaths = (
				"$(DERIVED_FILE_DIR)/Pods-MoyaApiPracticeTests-checkManifestLockResult.txt",
			);
			runOnlyForDeploymentPostprocessing = 0;
			shellPath = /bin/sh;
			shellScript = "diff \"${PODS_PODFILE_DIR_PATH}/Podfile.lock\" \"${PODS_ROOT}/Manifest.lock\" > /dev/null\nif [ $? != 0 ] ; then\n    # print error to STDERR\n    echo \"error: The sandbox is not in sync with the Podfile.lock. Run 'pod install' or update your CocoaPods installation.\" >&2\n    exit 1\nfi\n# This output is used by Xcode 'outputs' to avoid re-running this script phase.\necho \"SUCCESS\" > \"${SCRIPT_OUTPUT_FILE_0}\"\n";
			showEnvVarsInLog = 0;
		};
		8A4C5900DF817E15B45BECEC /* [CP] Embed Pods Frameworks */ = {
			isa = PBXShellScriptBuildPhase;
			buildActionMask = 2147483647;
			files = (
			);
			inputFileListPaths = (
				"${PODS_ROOT}/Target Support Files/Pods-MoyaApiPractice/Pods-MoyaApiPractice-frameworks-${CONFIGURATION}-input-files.xcfilelist",
			);
			name = "[CP] Embed Pods Frameworks";
			outputFileListPaths = (
				"${PODS_ROOT}/Target Support Files/Pods-MoyaApiPractice/Pods-MoyaApiPractice-frameworks-${CONFIGURATION}-output-files.xcfilelist",
			);
			runOnlyForDeploymentPostprocessing = 0;
			shellPath = /bin/sh;
			shellScript = "\"${PODS_ROOT}/Target Support Files/Pods-MoyaApiPractice/Pods-MoyaApiPractice-frameworks.sh\"\n";
			showEnvVarsInLog = 0;
		};
/* End PBXShellScriptBuildPhase section */

/* Begin PBXSourcesBuildPhase section */
		F07D513827321E850064247B /* Sources */ = {
			isa = PBXSourcesBuildPhase;
			buildActionMask = 2147483647;
			files = (
				F07D514427321E850064247B /* MainViewController.swift in Sources */,
				F051A83027FA99D400D4B02E /* Reminder.swift in Sources */,
				F05BBBE7273D1CDB0069D7AD /* WeatherLabel.swift in Sources */,
				F07D517A27326B1F0064247B /* ForecastViewController.swift in Sources */,
				F07D514027321E850064247B /* AppDelegate.swift in Sources */,
				F07D517427321FC70064247B /* CurrentWeatherModel.swift in Sources */,
				F07D517127321F920064247B /* API.swift in Sources */,
				F07D517827326ABF0064247B /* TabBarViewController.swift in Sources */,
				F05BBBE9273E22D30069D7AD /* ExtensionView.swift in Sources */,
				F09E5D9427D331D30039D8B4 /* Remider.swift in Sources */,
				F09E5D9627D332790039D8B4 /* ReminderListViewController.swift in Sources */,
				F051A83227FD6B3700D4B02E /* ReminderListData.swift in Sources */,
				F07D517E2733874E0064247B /* ForecastTableViewCell.swift in Sources */,
				F07D517C273272370064247B /* ForecastModel.swift in Sources */,
				F07D514227321E850064247B /* SceneDelegate.swift in Sources */,
			);
			runOnlyForDeploymentPostprocessing = 0;
		};
		F07D514E27321E860064247B /* Sources */ = {
			isa = PBXSourcesBuildPhase;
			buildActionMask = 2147483647;
			files = (
				F07D515727321E860064247B /* MoyaApiPracticeTests.swift in Sources */,
			);
			runOnlyForDeploymentPostprocessing = 0;
		};
		F07D515827321E860064247B /* Sources */ = {
			isa = PBXSourcesBuildPhase;
			buildActionMask = 2147483647;
			files = (
				F07D516327321E860064247B /* MoyaApiPracticeUITestsLaunchTests.swift in Sources */,
				F07D516127321E860064247B /* MoyaApiPracticeUITests.swift in Sources */,
			);
			runOnlyForDeploymentPostprocessing = 0;
		};
/* End PBXSourcesBuildPhase section */

/* Begin PBXTargetDependency section */
		F07D515427321E860064247B /* PBXTargetDependency */ = {
			isa = PBXTargetDependency;
			target = F07D513B27321E850064247B /* MoyaApiPractice */;
			targetProxy = F07D515327321E860064247B /* PBXContainerItemProxy */;
		};
		F07D515E27321E860064247B /* PBXTargetDependency */ = {
			isa = PBXTargetDependency;
			target = F07D513B27321E850064247B /* MoyaApiPractice */;
			targetProxy = F07D515D27321E860064247B /* PBXContainerItemProxy */;
		};
/* End PBXTargetDependency section */

/* Begin PBXVariantGroup section */
		F07D514A27321E860064247B /* LaunchScreen.storyboard */ = {
			isa = PBXVariantGroup;
			children = (
				F07D514B27321E860064247B /* Base */,
			);
			name = LaunchScreen.storyboard;
			sourceTree = "<group>";
		};
/* End PBXVariantGroup section */

/* Begin XCBuildConfiguration section */
		F07D516427321E860064247B /* Debug */ = {
			isa = XCBuildConfiguration;
			buildSettings = {
				ALWAYS_SEARCH_USER_PATHS = NO;
				CLANG_ANALYZER_NONNULL = YES;
				CLANG_ANALYZER_NUMBER_OBJECT_CONVERSION = YES_AGGRESSIVE;
				CLANG_CXX_LANGUAGE_STANDARD = "gnu++17";
				CLANG_CXX_LIBRARY = "libc++";
				CLANG_ENABLE_MODULES = YES;
				CLANG_ENABLE_OBJC_ARC = YES;
				CLANG_ENABLE_OBJC_WEAK = YES;
				CLANG_WARN_BLOCK_CAPTURE_AUTORELEASING = YES;
				CLANG_WARN_BOOL_CONVERSION = YES;
				CLANG_WARN_COMMA = YES;
				CLANG_WARN_CONSTANT_CONVERSION = YES;
				CLANG_WARN_DEPRECATED_OBJC_IMPLEMENTATIONS = YES;
				CLANG_WARN_DIRECT_OBJC_ISA_USAGE = YES_ERROR;
				CLANG_WARN_DOCUMENTATION_COMMENTS = YES;
				CLANG_WARN_EMPTY_BODY = YES;
				CLANG_WARN_ENUM_CONVERSION = YES;
				CLANG_WARN_INFINITE_RECURSION = YES;
				CLANG_WARN_INT_CONVERSION = YES;
				CLANG_WARN_NON_LITERAL_NULL_CONVERSION = YES;
				CLANG_WARN_OBJC_IMPLICIT_RETAIN_SELF = YES;
				CLANG_WARN_OBJC_LITERAL_CONVERSION = YES;
				CLANG_WARN_OBJC_ROOT_CLASS = YES_ERROR;
				CLANG_WARN_QUOTED_INCLUDE_IN_FRAMEWORK_HEADER = YES;
				CLANG_WARN_RANGE_LOOP_ANALYSIS = YES;
				CLANG_WARN_STRICT_PROTOTYPES = YES;
				CLANG_WARN_SUSPICIOUS_MOVE = YES;
				CLANG_WARN_UNGUARDED_AVAILABILITY = YES_AGGRESSIVE;
				CLANG_WARN_UNREACHABLE_CODE = YES;
				CLANG_WARN__DUPLICATE_METHOD_MATCH = YES;
				COPY_PHASE_STRIP = NO;
				DEBUG_INFORMATION_FORMAT = dwarf;
				ENABLE_STRICT_OBJC_MSGSEND = YES;
				ENABLE_TESTABILITY = YES;
				GCC_C_LANGUAGE_STANDARD = gnu11;
				GCC_DYNAMIC_NO_PIC = NO;
				GCC_NO_COMMON_BLOCKS = YES;
				GCC_OPTIMIZATION_LEVEL = 0;
				GCC_PREPROCESSOR_DEFINITIONS = (
					"DEBUG=1",
					"$(inherited)",
				);
				GCC_WARN_64_TO_32_BIT_CONVERSION = YES;
				GCC_WARN_ABOUT_RETURN_TYPE = YES_ERROR;
				GCC_WARN_UNDECLARED_SELECTOR = YES;
				GCC_WARN_UNINITIALIZED_AUTOS = YES_AGGRESSIVE;
				GCC_WARN_UNUSED_FUNCTION = YES;
				GCC_WARN_UNUSED_VARIABLE = YES;
				IPHONEOS_DEPLOYMENT_TARGET = 15.0;
				MTL_ENABLE_DEBUG_INFO = INCLUDE_SOURCE;
				MTL_FAST_MATH = YES;
				ONLY_ACTIVE_ARCH = YES;
				SDKROOT = iphoneos;
				SWIFT_ACTIVE_COMPILATION_CONDITIONS = DEBUG;
				SWIFT_OPTIMIZATION_LEVEL = "-Onone";
			};
			name = Debug;
		};
		F07D516527321E860064247B /* Release */ = {
			isa = XCBuildConfiguration;
			buildSettings = {
				ALWAYS_SEARCH_USER_PATHS = NO;
				CLANG_ANALYZER_NONNULL = YES;
				CLANG_ANALYZER_NUMBER_OBJECT_CONVERSION = YES_AGGRESSIVE;
				CLANG_CXX_LANGUAGE_STANDARD = "gnu++17";
				CLANG_CXX_LIBRARY = "libc++";
				CLANG_ENABLE_MODULES = YES;
				CLANG_ENABLE_OBJC_ARC = YES;
				CLANG_ENABLE_OBJC_WEAK = YES;
				CLANG_WARN_BLOCK_CAPTURE_AUTORELEASING = YES;
				CLANG_WARN_BOOL_CONVERSION = YES;
				CLANG_WARN_COMMA = YES;
				CLANG_WARN_CONSTANT_CONVERSION = YES;
				CLANG_WARN_DEPRECATED_OBJC_IMPLEMENTATIONS = YES;
				CLANG_WARN_DIRECT_OBJC_ISA_USAGE = YES_ERROR;
				CLANG_WARN_DOCUMENTATION_COMMENTS = YES;
				CLANG_WARN_EMPTY_BODY = YES;
				CLANG_WARN_ENUM_CONVERSION = YES;
				CLANG_WARN_INFINITE_RECURSION = YES;
				CLANG_WARN_INT_CONVERSION = YES;
				CLANG_WARN_NON_LITERAL_NULL_CONVERSION = YES;
				CLANG_WARN_OBJC_IMPLICIT_RETAIN_SELF = YES;
				CLANG_WARN_OBJC_LITERAL_CONVERSION = YES;
				CLANG_WARN_OBJC_ROOT_CLASS = YES_ERROR;
				CLANG_WARN_QUOTED_INCLUDE_IN_FRAMEWORK_HEADER = YES;
				CLANG_WARN_RANGE_LOOP_ANALYSIS = YES;
				CLANG_WARN_STRICT_PROTOTYPES = YES;
				CLANG_WARN_SUSPICIOUS_MOVE = YES;
				CLANG_WARN_UNGUARDED_AVAILABILITY = YES_AGGRESSIVE;
				CLANG_WARN_UNREACHABLE_CODE = YES;
				CLANG_WARN__DUPLICATE_METHOD_MATCH = YES;
				COPY_PHASE_STRIP = NO;
				DEBUG_INFORMATION_FORMAT = "dwarf-with-dsym";
				ENABLE_NS_ASSERTIONS = NO;
				ENABLE_STRICT_OBJC_MSGSEND = YES;
				GCC_C_LANGUAGE_STANDARD = gnu11;
				GCC_NO_COMMON_BLOCKS = YES;
				GCC_WARN_64_TO_32_BIT_CONVERSION = YES;
				GCC_WARN_ABOUT_RETURN_TYPE = YES_ERROR;
				GCC_WARN_UNDECLARED_SELECTOR = YES;
				GCC_WARN_UNINITIALIZED_AUTOS = YES_AGGRESSIVE;
				GCC_WARN_UNUSED_FUNCTION = YES;
				GCC_WARN_UNUSED_VARIABLE = YES;
				IPHONEOS_DEPLOYMENT_TARGET = 15.0;
				MTL_ENABLE_DEBUG_INFO = NO;
				MTL_FAST_MATH = YES;
				SDKROOT = iphoneos;
				SWIFT_COMPILATION_MODE = wholemodule;
				SWIFT_OPTIMIZATION_LEVEL = "-O";
				VALIDATE_PRODUCT = YES;
			};
			name = Release;
		};
		F07D516727321E860064247B /* Debug */ = {
			isa = XCBuildConfiguration;
			baseConfigurationReference = 3763E769D77698192085B153 /* Pods-MoyaApiPractice.debug.xcconfig */;
			buildSettings = {
				ASSETCATALOG_COMPILER_APPICON_NAME = AppIcon;
				ASSETCATALOG_COMPILER_GLOBAL_ACCENT_COLOR_NAME = AccentColor;
				CODE_SIGN_STYLE = Automatic;
				CURRENT_PROJECT_VERSION = 1;
				DEVELOPMENT_TEAM = FGKXM2K65T;
				"EXCLUDED_ARCHS[sdk=*]" = arm64;
				GENERATE_INFOPLIST_FILE = YES;
				INFOPLIST_FILE = MoyaApiPractice/Info.plist;
				INFOPLIST_KEY_CFBundleDisplayName = MoyaApiPractice;
				INFOPLIST_KEY_LSApplicationCategoryType = "";
				INFOPLIST_KEY_NSLocationAlwaysAndWhenInUseUsageDescription = "location accept";
				INFOPLIST_KEY_NSLocationWhenInUseUsageDescription = "location accept";
				INFOPLIST_KEY_UIApplicationSupportsIndirectInputEvents = YES;
				INFOPLIST_KEY_UILaunchStoryboardName = LaunchScreen;
				INFOPLIST_KEY_UISupportedInterfaceOrientations_iPad = "UIInterfaceOrientationPortrait UIInterfaceOrientationPortraitUpsideDown UIInterfaceOrientationLandscapeLeft UIInterfaceOrientationLandscapeRight";
				INFOPLIST_KEY_UISupportedInterfaceOrientations_iPhone = "UIInterfaceOrientationPortrait UIInterfaceOrientationLandscapeLeft UIInterfaceOrientationLandscapeRight";
				LD_RUNPATH_SEARCH_PATHS = (
					"$(inherited)",
					"@executable_path/Frameworks",
				);
				MARKETING_VERSION = 1.0;
				PRODUCT_BUNDLE_IDENTIFIER = io.lulu.MoyaApiPractice;
				PRODUCT_NAME = "$(TARGET_NAME)";
				SWIFT_EMIT_LOC_STRINGS = YES;
				SWIFT_VERSION = 5.0;
				TARGETED_DEVICE_FAMILY = "1,2";
			};
			name = Debug;
		};
		F07D516827321E860064247B /* Release */ = {
			isa = XCBuildConfiguration;
			baseConfigurationReference = CC509D458AC6C17DD121441B /* Pods-MoyaApiPractice.release.xcconfig */;
			buildSettings = {
				ASSETCATALOG_COMPILER_APPICON_NAME = AppIcon;
				ASSETCATALOG_COMPILER_GLOBAL_ACCENT_COLOR_NAME = AccentColor;
				CODE_SIGN_STYLE = Automatic;
				CURRENT_PROJECT_VERSION = 1;
				DEVELOPMENT_TEAM = FGKXM2K65T;
				GENERATE_INFOPLIST_FILE = YES;
				INFOPLIST_FILE = MoyaApiPractice/Info.plist;
				INFOPLIST_KEY_CFBundleDisplayName = MoyaApiPractice;
				INFOPLIST_KEY_LSApplicationCategoryType = "";
				INFOPLIST_KEY_NSLocationAlwaysAndWhenInUseUsageDescription = "location accept";
				INFOPLIST_KEY_NSLocationWhenInUseUsageDescription = "location accept";
				INFOPLIST_KEY_UIApplicationSupportsIndirectInputEvents = YES;
				INFOPLIST_KEY_UILaunchStoryboardName = LaunchScreen;
				INFOPLIST_KEY_UISupportedInterfaceOrientations_iPad = "UIInterfaceOrientationPortrait UIInterfaceOrientationPortraitUpsideDown UIInterfaceOrientationLandscapeLeft UIInterfaceOrientationLandscapeRight";
				INFOPLIST_KEY_UISupportedInterfaceOrientations_iPhone = "UIInterfaceOrientationPortrait UIInterfaceOrientationLandscapeLeft UIInterfaceOrientationLandscapeRight";
				LD_RUNPATH_SEARCH_PATHS = (
					"$(inherited)",
					"@executable_path/Frameworks",
				);
				MARKETING_VERSION = 1.0;
				ONLY_ACTIVE_ARCH = NO;
				PRODUCT_BUNDLE_IDENTIFIER = io.lulu.MoyaApiPractice;
				PRODUCT_NAME = "$(TARGET_NAME)";
				SWIFT_EMIT_LOC_STRINGS = YES;
				SWIFT_VERSION = 5.0;
				TARGETED_DEVICE_FAMILY = "1,2";
			};
			name = Release;
		};
		F07D516A27321E860064247B /* Debug */ = {
			isa = XCBuildConfiguration;
			baseConfigurationReference = 7D53DBB1D86E34A72DDDA379 /* Pods-MoyaApiPracticeTests.debug.xcconfig */;
			buildSettings = {
				ALWAYS_EMBED_SWIFT_STANDARD_LIBRARIES = YES;
				BUNDLE_LOADER = "$(TEST_HOST)";
				CODE_SIGN_STYLE = Automatic;
				CURRENT_PROJECT_VERSION = 1;
				GENERATE_INFOPLIST_FILE = YES;
				IPHONEOS_DEPLOYMENT_TARGET = 15.0;
				LD_RUNPATH_SEARCH_PATHS = (
					"$(inherited)",
					"@executable_path/Frameworks",
					"@loader_path/Frameworks",
				);
				MARKETING_VERSION = 1.0;
				PRODUCT_BUNDLE_IDENTIFIER = io.lulu.MoyaApiPracticeTests;
				PRODUCT_NAME = "$(TARGET_NAME)";
				SWIFT_EMIT_LOC_STRINGS = NO;
				SWIFT_VERSION = 5.0;
				TARGETED_DEVICE_FAMILY = "1,2";
				TEST_HOST = "$(BUILT_PRODUCTS_DIR)/MoyaApiPractice.app/MoyaApiPractice";
			};
			name = Debug;
		};
		F07D516B27321E860064247B /* Release */ = {
			isa = XCBuildConfiguration;
			baseConfigurationReference = C705382EE9DFE334F142E349 /* Pods-MoyaApiPracticeTests.release.xcconfig */;
			buildSettings = {
				ALWAYS_EMBED_SWIFT_STANDARD_LIBRARIES = YES;
				BUNDLE_LOADER = "$(TEST_HOST)";
				CODE_SIGN_STYLE = Automatic;
				CURRENT_PROJECT_VERSION = 1;
				GENERATE_INFOPLIST_FILE = YES;
				IPHONEOS_DEPLOYMENT_TARGET = 15.0;
				LD_RUNPATH_SEARCH_PATHS = (
					"$(inherited)",
					"@executable_path/Frameworks",
					"@loader_path/Frameworks",
				);
				MARKETING_VERSION = 1.0;
				PRODUCT_BUNDLE_IDENTIFIER = io.lulu.MoyaApiPracticeTests;
				PRODUCT_NAME = "$(TARGET_NAME)";
				SWIFT_EMIT_LOC_STRINGS = NO;
				SWIFT_VERSION = 5.0;
				TARGETED_DEVICE_FAMILY = "1,2";
				TEST_HOST = "$(BUILT_PRODUCTS_DIR)/MoyaApiPractice.app/MoyaApiPractice";
			};
			name = Release;
		};
		F07D516D27321E860064247B /* Debug */ = {
			isa = XCBuildConfiguration;
			baseConfigurationReference = D672A9BFFC46E293DE50CD8F /* Pods-MoyaApiPractice-MoyaApiPracticeUITests.debug.xcconfig */;
			buildSettings = {
				ALWAYS_EMBED_SWIFT_STANDARD_LIBRARIES = YES;
				CODE_SIGN_STYLE = Automatic;
				CURRENT_PROJECT_VERSION = 1;
				GENERATE_INFOPLIST_FILE = YES;
				LD_RUNPATH_SEARCH_PATHS = (
					"$(inherited)",
					"@executable_path/Frameworks",
					"@loader_path/Frameworks",
				);
				MARKETING_VERSION = 1.0;
				PRODUCT_BUNDLE_IDENTIFIER = io.lulu.MoyaApiPracticeUITests;
				PRODUCT_NAME = "$(TARGET_NAME)";
				SWIFT_EMIT_LOC_STRINGS = NO;
				SWIFT_VERSION = 5.0;
				TARGETED_DEVICE_FAMILY = "1,2";
				TEST_TARGET_NAME = MoyaApiPractice;
			};
			name = Debug;
		};
		F07D516E27321E860064247B /* Release */ = {
			isa = XCBuildConfiguration;
			baseConfigurationReference = FC9E7E2421C1597D52A5A919 /* Pods-MoyaApiPractice-MoyaApiPracticeUITests.release.xcconfig */;
			buildSettings = {
				ALWAYS_EMBED_SWIFT_STANDARD_LIBRARIES = YES;
				CODE_SIGN_STYLE = Automatic;
				CURRENT_PROJECT_VERSION = 1;
				GENERATE_INFOPLIST_FILE = YES;
				LD_RUNPATH_SEARCH_PATHS = (
					"$(inherited)",
					"@executable_path/Frameworks",
					"@loader_path/Frameworks",
				);
				MARKETING_VERSION = 1.0;
				PRODUCT_BUNDLE_IDENTIFIER = io.lulu.MoyaApiPracticeUITests;
				PRODUCT_NAME = "$(TARGET_NAME)";
				SWIFT_EMIT_LOC_STRINGS = NO;
				SWIFT_VERSION = 5.0;
				TARGETED_DEVICE_FAMILY = "1,2";
				TEST_TARGET_NAME = MoyaApiPractice;
			};
			name = Release;
		};
/* End XCBuildConfiguration section */

/* Begin XCConfigurationList section */
		F07D513727321E850064247B /* Build configuration list for PBXProject "MoyaApiPractice" */ = {
			isa = XCConfigurationList;
			buildConfigurations = (
				F07D516427321E860064247B /* Debug */,
				F07D516527321E860064247B /* Release */,
			);
			defaultConfigurationIsVisible = 0;
			defaultConfigurationName = Release;
		};
		F07D516627321E860064247B /* Build configuration list for PBXNativeTarget "MoyaApiPractice" */ = {
			isa = XCConfigurationList;
			buildConfigurations = (
				F07D516727321E860064247B /* Debug */,
				F07D516827321E860064247B /* Release */,
			);
			defaultConfigurationIsVisible = 0;
			defaultConfigurationName = Release;
		};
		F07D516927321E860064247B /* Build configuration list for PBXNativeTarget "MoyaApiPracticeTests" */ = {
			isa = XCConfigurationList;
			buildConfigurations = (
				F07D516A27321E860064247B /* Debug */,
				F07D516B27321E860064247B /* Release */,
			);
			defaultConfigurationIsVisible = 0;
			defaultConfigurationName = Release;
		};
		F07D516C27321E860064247B /* Build configuration list for PBXNativeTarget "MoyaApiPracticeUITests" */ = {
			isa = XCConfigurationList;
			buildConfigurations = (
				F07D516D27321E860064247B /* Debug */,
				F07D516E27321E860064247B /* Release */,
			);
			defaultConfigurationIsVisible = 0;
			defaultConfigurationName = Release;
		};
/* End XCConfigurationList section */
	};
	rootObject = F07D513427321E850064247B /* Project object */;
}
